
Microsoft Visual Studio Solution File, Format Version 12.00
# Visual Studio 15
VisualStudioVersion = 15.0.28010.2048
MinimumVisualStudioVersion = 10.0.40219.1
Project("{FAE04EC0-301F-11D3-BF4B-00C04F79EFBC}") = "StudentLibary", "StudentLibary\StudentLibary.csproj", "{15F9BB8D-358E-4712-9611-41CC43EE7690}"
EndProject
Global
	GlobalSection(SolutionConfigurationPlatforms) = preSolution
		Debug|Any CPU = Debug|Any CPU
		Release|Any CPU = Release|Any CPU
	EndGlobalSection
	GlobalSection(ProjectConfigurationPlatforms) = postSolution
		{15F9BB8D-358E-4712-9611-41CC43EE7690}.Debug|Any CPU.ActiveCfg = Debug|Any CPU
		{15F9BB8D-358E-4712-9611-41CC43EE7690}.Debug|Any CPU.Build.0 = Debug|Any CPU
		{15F9BB8D-358E-4712-9611-41CC43EE7690}.Release|Any CPU.ActiveCfg = Release|Any CPU
		{15F9BB8D-358E-4712-9611-41CC43EE7690}.Release|Any CPU.Build.0 = Release|Any CPU
	EndGlobalSection
	GlobalSection(SolutionProperties) = preSolution
		HideSolutionNode = FALSE
	EndGlobalSection
	GlobalSection(ExtensibilityGlobals) = postSolution
		SolutionGuid = {9C4F11E7-6CA1-47CC-A6BC-5C1C4228B15F}
	EndGlobalSection
EndGlobal
